
Microsoft Visual Studio Solution File, Format Version 12.00
# Visual Studio Version 17
VisualStudioVersion = 17.5.33516.290
MinimumVisualStudioVersion = 10.0.40219.1
Project("{FAE04EC0-301F-11D3-BF4B-00C04F79EFBC}") = "AplicativoSeguridad", "AplicativoSeguridad\AplicativoSeguridad.csproj", "{87ECD5AD-E765-4AF2-B440-7B990122CB94}"
EndProject
Global
	GlobalSection(SolutionConfigurationPlatforms) = preSolution
		Debug|Any CPU = Debug|Any CPU
		Release|Any CPU = Release|Any CPU
	EndGlobalSection
	GlobalSection(ProjectConfigurationPlatforms) = postSolution
		{87ECD5AD-E765-4AF2-B440-7B990122CB94}.Debug|Any CPU.ActiveCfg = Debug|Any CPU
		{87ECD5AD-E765-4AF2-B440-7B990122CB94}.Debug|Any CPU.Build.0 = Debug|Any CPU
		{87ECD5AD-E765-4AF2-B440-7B990122CB94}.Release|Any CPU.ActiveCfg = Release|Any CPU
		{87ECD5AD-E765-4AF2-B440-7B990122CB94}.Release|Any CPU.Build.0 = Release|Any CPU
	EndGlobalSection
	GlobalSection(SolutionProperties) = preSolution
		HideSolutionNode = FALSE
	EndGlobalSection
	GlobalSection(ExtensibilityGlobals) = postSolution
		SolutionGuid = {F83056FD-7301-4A86-BCBE-C677AB4CCC79}
	EndGlobalSection
EndGlobal
